lockfileVersion: '6.0'

settings:
  autoInstallPeers: true
  excludeLinksFromLockfile: false

devDependencies:
  '@types/commander':
    specifier: ^2.12.0
    version: 2.12.5
  '@types/node':
    specifier: ^25.0.3
    version: 25.0.3
  commander:
    specifier: ^14.0.2
    version: 14.0.2
  typescript:
    specifier: ^5.9.3
    version: 5.9.3

packages:

  /@types/commander@2.12.5:
    resolution: {integrity: sha512-YXGZ/rz+s57VbzcvEV9fUoXeJlBt5HaKu5iUheiIWNsJs23bz6AnRuRiZBRVBLYyPnixNvVnuzM5pSaxr8Yp/g==, tarball: https://registry.npmmirror.com/@types/commander/-/commander-2.12.5.tgz}
    deprecated: This is a stub types definition. commander provides its own type definitions, so you do not need this installed.
    dependencies:
      commander: 14.0.2
    dev: true

  /@types/node@25.0.3:
    resolution: {integrity: sha512-W609buLVRVmeW693xKfzHeIV6nJGGz98uCPfeXI1ELMLXVeKYZ9m15fAMSaUPBHYLGFsVRcMmSCksQOrZV9BYA==, tarball: https://registry.npmmirror.com/@types/node/-/node-25.0.3.tgz}
    dependencies:
      undici-types: 7.16.0
    dev: true

  /commander@14.0.2:
    resolution: {integrity: sha512-TywoWNNRbhoD0BXs1P3ZEScW8W5iKrnbithIl0YH+uCmBd0QpPOA8yc82DS3BIE5Ma6FnBVUsJ7wVUDz4dvOWQ==, tarball: https://registry.npmmirror.com/commander/-/commander-14.0.2.tgz}
    engines: {node: '>=20'}
    dev: true

  /typescript@5.9.3:
    resolution: {integrity: sha512-jl1vZzPDinLr9eUt3J/t7V6FgNEw9QjvBPdysz9KfQDD41fQrC2Y4vKQdiaUpFT4bXlb1RHhLpp8wtm6M5TgSw==, tarball: https://registry.npmmirror.com/typescript/-/typescript-5.9.3.tgz}
    engines: {node: '>=14.17'}
    hasBin: true
    dev: true

  /undici-types@7.16.0:
    resolution: {integrity: sha512-Zz+aZWSj8LE6zoxD+xrjh4VfkIG8Ya6LvYkZqtUQGJPZjYl53ypCaUwWqo7eI0x66KBGeRo+mlBEkMSeSZ38Nw==, tarball: https://registry.npmmirror.com/undici-types/-/undici-types-7.16.0.tgz}
    dev: true
